// !$*UTF8*$!
{
	archiveVersion = 1;
	classes = {
	};
	objectVersion = 46;
	objects = {

/* Begin PBXBuildFile section */
		D6053ECE1E70246200901DAF /* AppDelegate.swift in Sources */ = {isa = PBXBuildFile; fileRef = D6053ECD1E70246200901DAF /* AppDelegate.swift */; };
		D6053ED01E70246200901DAF /* ViewController.swift in Sources */ = {isa = PBXBuildFile; fileRef = D6053ECF1E70246200901DAF /* ViewController.swift */; };
		D6053ED31E70246200901DAF /* Main.storyboard in Resources */ = {isa = PBXBuildFile; fileRef = D6053ED11E70246200901DAF /* Main.storyboard */; };
		D6053ED51E70246200901DAF /* Assets.xcassets in Resources */ = {isa = PBXBuildFile; fileRef = D6053ED41E70246200901DAF /* Assets.xcassets */; };
		D6053ED81E70246200901DAF /* LaunchScreen.storyboard in Resources */ = {isa = PBXBuildFile; fileRef = D6053ED61E70246200901DAF /* LaunchScreen.storyboard */; };
		D6053EE31E70246200901DAF /* TipCalcTests.swift in Sources */ = {isa = PBXBuildFile; fileRef = D6053EE21E70246200901DAF /* TipCalcTests.swift */; };
		D6053EEE1E70246200901DAF /* TipCalcUITests.swift in Sources */ = {isa = PBXBuildFile; fileRef = D6053EED1E70246200901DAF /* TipCalcUITests.swift */; };
/* End PBXBuildFile section */

/* Begin PBXContainerItemProxy section */
		D6053EDF1E70246200901DAF /* PBXContainerItemProxy */ = {
			isa = PBXContainerItemProxy;
			containerPortal = D6053EC21E70246200901DAF /* Project object */;
			proxyType = 1;
			remoteGlobalIDString = D6053EC91E70246200901DAF;
			remoteInfo = TipCalc;
		};
		D6053EEA1E70246200901DAF /* PBXContainerItemProxy */ = {
			isa = PBXContainerItemProxy;
			containerPortal = D6053EC21E70246200901DAF /* Project object */;
			proxyType = 1;
			remoteGlobalIDString = D6053EC91E70246200901DAF;
			remoteInfo = TipCalc;
		};
/* End PBXContainerItemProxy section */

/* Begin PBXFileReference section */
		D6053ECA1E70246200901DAF /* TipCalc.app */ = {isa = PBXFileReference; explicitFileType = wrapper.application; includeInIndex = 0; path = TipCalc.app; sourceTree = BUILT_PRODUCTS_DIR; };
		D6053ECD1E70246200901DAF /* AppDelegate.swift */ = {isa = PBXFileReference; lastKnownFileType = sourcecode.swift; path = AppDelegate.swift; sourceTree = "<group>"; };
		D6053ECF1E70246200901DAF /* ViewController.swift */ = {isa = PBXFileReference; lastKnownFileType = sourcecode.swift; path = ViewController.swift; sourceTree = "<group>"; };
		D6053ED21E70246200901DAF /* Base */ = {isa = PBXFileReference; lastKnownFileType = file.storyboard; name = Base; path = Base.lproj/Main.storyboard; sourceTree = "<group>"; };
		D6053ED41E70246200901DAF /* Assets.xcassets */ = {isa = PBXFileReference; lastKnownFileType = folder.assetcatalog; path = Assets.xcassets; sourceTree = "<group>"; };
		D6053ED71E70246200901DAF /* Base */ = {isa = PBXFileReference; lastKnownFileType = file.storyboard; name = Base; path = Base.lproj/LaunchScreen.storyboard; sourceTree = "<group>"; };
		D6053ED91E70246200901DAF /* Info.plist */ = {isa = PBXFileReference; lastKnownFileType = text.plist.xml; path = Info.plist; sourceTree = "<group>"; };
		D6053EDE1E70246200901DAF /* TipCalcTests.xctest */ = {isa = PBXFileReference; explicitFileType = wrapper.cfbundle; includeInIndex = 0; path = TipCalcTests.xctest; sourceTree = BUILT_PRODUCTS_DIR; };
		D6053EE21E70246200901DAF /* TipCalcTests.swift */ = {isa = PBXFileReference; lastKnownFileType = sourcecode.swift; path = TipCalcTests.swift; sourceTree = "<group>"; };
		D6053EE41E70246200901DAF /* Info.plist */ = {isa = PBXFileReference; lastKnownFileType = text.plist.xml; path = Info.plist; sourceTree = "<group>"; };
		D6053EE91E70246200901DAF /* TipCalcUITests.xctest */ = {isa = PBXFileReference; explicitFileType = wrapper.cfbundle; includeInIndex = 0; path = TipCalcUITests.xctest; sourceTree = BUILT_PRODUCTS_DIR; };
		D6053EED1E70246200901DAF /* TipCalcUITests.swift */ = {isa = PBXFileReference; lastKnownFileType = sourcecode.swift; path = TipCalcUITests.swift; sourceTree = "<group>"; };
		D6053EEF1E70246200901DAF /* Info.plist */ = {isa = PBXFileReference; lastKnownFileType = text.plist.xml; path = Info.plist; sourceTree = "<group>"; };
/* End PBXFileReference section */

/* Begin PBXFrameworksBuildPhase section */
		D6053EC71E70246200901DAF /* Frameworks */ = {
			isa = PBXFrameworksBuildPhase;
			buildActionMask = 2147483647;
			files = (
			);
			runOnlyForDeploymentPostprocessing = 0;
		};
		D6053EDB1E70246200901DAF /* Frameworks */ = {
			isa = PBXFrameworksBuildPhase;
			buildActionMask = 2147483647;
			files = (
			);
			runOnlyForDeploymentPostprocessing = 0;
		};
		D6053EE61E70246200901DAF /* Frameworks */ = {
			isa = PBXFrameworksBuildPhase;
			buildActionMask = 2147483647;
			files = (
			);
			runOnlyForDeploymentPostprocessing = 0;
		};
/* End PBXFrameworksBuildPhase section */

/* Begin PBXGroup section */
		D6053EC11E70246200901DAF = {
			isa = PBXGroup;
			children = (
				D6053ECC1E70246200901DAF /* TipCalc */,
				D6053EE11E70246200901DAF /* TipCalcTests */,
				D6053EEC1E70246200901DAF /* TipCalcUITests */,
				D6053ECB1E70246200901DAF /* Products */,
			);
			sourceTree = "<group>";
		};
		D6053ECB1E70246200901DAF /* Products */ = {
			isa = PBXGroup;
			children = (
				D6053ECA1E70246200901DAF /* TipCalc.app */,
				D6053EDE1E70246200901DAF /* TipCalcTests.xctest */,
				D6053EE91E70246200901DAF /* TipCalcUITests.xctest */,
			);
			name = Products;
			sourceTree = "<group>";
		};
		D6053ECC1E70246200901DAF /* TipCalc */ = {
			isa = PBXGroup;
			children = (
				D6053ECD1E70246200901DAF /* AppDelegate.swift */,
				D6053ECF1E70246200901DAF /* ViewController.swift */,
				D6053ED11E70246200901DAF /* Main.storyboard */,
				D6053ED41E70246200901DAF /* Assets.xcassets */,
				D6053ED61E70246200901DAF /* LaunchScreen.storyboard */,
				D6053ED91E70246200901DAF /* Info.plist */,
			);
			path = TipCalc;
			sourceTree = "<group>";
		};
		D6053EE11E70246200901DAF /* TipCalcTests */ = {
			isa = PBXGroup;
			children = (
				D6053EE21E70246200901DAF /* TipCalcTests.swift */,
				D6053EE41E70246200901DAF /* Info.plist */,
			);
			path = TipCalcTests;
			sourceTree = "<group>";
		};
		D6053EEC1E70246200901DAF /* TipCalcUITests */ = {
			isa = PBXGroup;
			children = (
				D6053EED1E70246200901DAF /* TipCalcUITests.swift */,
				D6053EEF1E70246200901DAF /* Info.plist */,
			);
			path = TipCalcUITests;
			sourceTree = "<group>";
		};
/* End PBXGroup section */

/* Begin PBXNativeTarget section */
		D6053EC91E70246200901DAF /* TipCalc */ = {
			isa = PBXNativeTarget;
			buildConfigurationList = D6053EF21E70246200901DAF /* Build configuration list for PBXNativeTarget "TipCalc" */;
			buildPhases = (
				D6053EC61E70246200901DAF /* Sources */,
				D6053EC71E70246200901DAF /* Frameworks */,
				D6053EC81E70246200901DAF /* Resources */,
			);
			buildRules = (
			);
			dependencies = (
			);
			name = TipCalc;
			productName = TipCalc;
			productReference = D6053ECA1E70246200901DAF /* TipCalc.app */;
			productType = "com.apple.product-type.application";
		};
		D6053EDD1E70246200901DAF /* TipCalcTests */ = {
			isa = PBXNativeTarget;
			buildConfigurationList = D6053EF51E70246200901DAF /* Build configuration list for PBXNativeTarget "TipCalcTests" */;
			buildPhases = (
				D6053EDA1E70246200901DAF /* Sources */,
				D6053EDB1E70246200901DAF /* Frameworks */,
				D6053EDC1E70246200901DAF /* Resources */,
			);
			buildRules = (
			);
			dependencies = (
				D6053EE01E70246200901DAF /* PBXTargetDependency */,
			);
			name = TipCalcTests;
			productName = TipCalcTests;
			productReference = D6053EDE1E70246200901DAF /* TipCalcTests.xctest */;
			productType = "com.apple.product-type.bundle.unit-test";
		};
		D6053EE81E70246200901DAF /* TipCalcUITests */ = {
			isa = PBXNativeTarget;
			buildConfigurationList = D6053EF81E70246200901DAF /* Build configuration list for PBXNativeTarget "TipCalcUITests" */;
			buildPhases = (
				D6053EE51E70246200901DAF /* Sources */,
				D6053EE61E70246200901DAF /* Frameworks */,
				D6053EE71E70246200901DAF /* Resources */,
			);
			buildRules = (
			);
			dependencies = (
				D6053EEB1E70246200901DAF /* PBXTargetDependency */,
			);
			name = TipCalcUITests;
			productName = TipCalcUITests;
			productReference = D6053EE91E70246200901DAF /* TipCalcUITests.xctest */;
			productType = "com.apple.product-type.bundle.ui-testing";
		};
/* End PBXNativeTarget section */

/* Begin PBXProject section */
		D6053EC21E70246200901DAF /* Project object */ = {
			isa = PBXProject;
			attributes = {
				LastSwiftUpdateCheck = 0820;
				LastUpgradeCheck = 0820;
				ORGANIZATIONNAME = "Nicole Dun";
				TargetAttributes = {
					D6053EC91E70246200901DAF = {
						CreatedOnToolsVersion = 8.2.1;
						ProvisioningStyle = Automatic;
					};
					D6053EDD1E70246200901DAF = {
						CreatedOnToolsVersion = 8.2.1;
						ProvisioningStyle = Automatic;
						TestTargetID = D6053EC91E70246200901DAF;
					};
					D6053EE81E70246200901DAF = {
						CreatedOnToolsVersion = 8.2.1;
						ProvisioningStyle = Automatic;
						TestTargetID = D6053EC91E70246200901DAF;
					};
				};
			};
			buildConfigurationList = D6053EC51E70246200901DAF /* Build configuration list for PBXProject "TipCalc" */;
			compatibilityVersion = "Xcode 3.2";
			developmentRegion = English;
			hasScannedForEncodings = 0;
			knownRegions = (
				en,
				Base,
			);
			mainGroup = D6053EC11E70246200901DAF;
			productRefGroup = D6053ECB1E70246200901DAF /* Products */;
			projectDirPath = "";
			projectRoot = "";
			targets = (
				D6053EC91E70246200901DAF /* TipCalc */,
				D6053EDD1E70246200901DAF /* TipCalcTests */,
				D6053EE81E70246200901DAF /* TipCalcUITests */,
			);
		};
/* End PBXProject section */

/* Begin PBXResourcesBuildPhase section */
		D6053EC81E70246200901DAF /* Resources */ = {
			isa = PBXResourcesBuildPhase;
			buildActionMask = 2147483647;
			files = (
				D6053ED81E70246200901DAF /* LaunchScreen.storyboard in Resources */,
				D6053ED51E70246200901DAF /* Assets.xcassets in Resources */,
				D6053ED31E70246200901DAF /* Main.storyboard in Resources */,
			);
			runOnlyForDeploymentPostprocessing = 0;
		};
		D6053EDC1E70246200901DAF /* Resources */ = {
			isa = PBXResourcesBuildPhase;
			buildActionMask = 2147483647;
			files = (
			);
			runOnlyForDeploymentPostprocessing = 0;
		};
		D6053EE71E70246200901DAF /* Resources */ = {
			isa = PBXResourcesBuildPhase;
			buildActionMask = 2147483647;
			files = (
			);
			runOnlyForDeploymentPostprocessing = 0;
		};
/* End PBXResourcesBuildPhase section */

/* Begin PBXSourcesBuildPhase section */
		D6053EC61E70246200901DAF /* Sources */ = {
			isa = PBXSourcesBuildPhase;
			buildActionMask = 2147483647;
			files = (
				D6053ED01E70246200901DAF /* ViewController.swift in Sources */,
				D6053ECE1E70246200901DAF /* AppDelegate.swift in Sources */,
			);
			runOnlyForDeploymentPostprocessing = 0;
		};
		D6053EDA1E70246200901DAF /* Sources */ = {
			isa = PBXSourcesBuildPhase;
			buildActionMask = 2147483647;
			files = (
				D6053EE31E70246200901DAF /* TipCalcTests.swift in Sources */,
			);
			runOnlyForDeploymentPostprocessing = 0;
		};
		D6053EE51E70246200901DAF /* Sources */ = {
			isa = PBXSourcesBuildPhase;
			buildActionMask = 2147483647;
			files = (
				D6053EEE1E70246200901DAF /* TipCalcUITests.swift in Sources */,
			);
			runOnlyForDeploymentPostprocessing = 0;
		};
/* End PBXSourcesBuildPhase section */

/* Begin PBXTargetDependency section */
		D6053EE01E70246200901DAF /* PBXTargetDependency */ = {
			isa = PBXTargetDependency;
			target = D6053EC91E70246200901DAF /* TipCalc */;
			targetProxy = D6053EDF1E70246200901DAF /* PBXContainerItemProxy */;
		};
		D6053EEB1E70246200901DAF /* PBXTargetDependency */ = {
			isa = PBXTargetDependency;
			target = D6053EC91E70246200901DAF /* TipCalc */;
			targetProxy = D6053EEA1E70246200901DAF /* PBXContainerItemProxy */;
		};
/* End PBXTargetDependency section */

/* Begin PBXVariantGroup section */
		D6053ED11E70246200901DAF /* Main.storyboard */ = {
			isa = PBXVariantGroup;
			children = (
				D6053ED21E70246200901DAF /* Base */,
			);
			name = Main.storyboard;
			sourceTree = "<group>";
		};
		D6053ED61E70246200901DAF /* LaunchScreen.storyboard */ = {
			isa = PBXVariantGroup;
			children = (
				D6053ED71E70246200901DAF /* Base */,
			);
			name = LaunchScreen.storyboard;
			sourceTree = "<group>";
		};
/* End PBXVariantGroup section */

/* Begin XCBuildConfiguration section */
		D6053EF01E70246200901DAF /* Debug */ = {
			isa = XCBuildConfiguration;
			buildSettings = {
				ALWAYS_SEARCH_USER_PATHS = NO;
				CLANG_ANALYZER_NONNULL = YES;
				CLANG_CXX_LANGUAGE_STANDARD = "gnu++0x";
				CLANG_CXX_LIBRARY = "libc++";
				CLANG_ENABLE_MODULES = YES;
				CLANG_ENABLE_OBJC_ARC = YES;
				CLANG_WARN_BOOL_CONVERSION = YES;
				CLANG_WARN_CONSTANT_CONVERSION = YES;
				CLANG_WARN_DIRECT_OBJC_ISA_USAGE = YES_ERROR;
				CLANG_WARN_DOCUMENTATION_COMMENTS = YES;
				CLANG_WARN_EMPTY_BODY = YES;
				CLANG_WARN_ENUM_CONVERSION = YES;
				CLANG_WARN_INFINITE_RECURSION = YES;
				CLANG_WARN_INT_CONVERSION = YES;
				CLANG_WARN_OBJC_ROOT_CLASS = YES_ERROR;
				CLANG_WARN_SUSPICIOUS_MOVE = YES;
				CLANG_WARN_UNREACHABLE_CODE = YES;
				CLANG_WARN__DUPLICATE_METHOD_MATCH = YES;
				"CODE_SIGN_IDENTITY[sdk=iphoneos*]" = "iPhone Developer";
				COPY_PHASE_STRIP = NO;
				DEBUG_INFORMATION_FORMAT = dwarf;
				ENABLE_STRICT_OBJC_MSGSEND = YES;
				ENABLE_TESTABILITY = YES;
				GCC_C_LANGUAGE_STANDARD = gnu99;
				GCC_DYNAMIC_NO_PIC = NO;
				GCC_NO_COMMON_BLOCKS = YES;
				GCC_OPTIMIZATION_LEVEL = 0;
				GCC_PREPROCESSOR_DEFINITIONS = (
					"DEBUG=1",
					"$(inherited)",
				);
				GCC_WARN_64_TO_32_BIT_CONVERSION = YES;
				GCC_WARN_ABOUT_RETURN_TYPE = YES_ERROR;
				GCC_WARN_UNDECLARED_SELECTOR = YES;
				GCC_WARN_UNINITIALIZED_AUTOS = YES_AGGRESSIVE;
				GCC_WARN_UNUSED_FUNCTION = YES;
				GCC_WARN_UNUSED_VARIABLE = YES;
				IPHONEOS_DEPLOYMENT_TARGET = 10.2;
				MTL_ENABLE_DEBUG_INFO = YES;
				ONLY_ACTIVE_ARCH = YES;
				SDKROOT = iphoneos;
				SWIFT_ACTIVE_COMPILATION_CONDITIONS = DEBUG;
				SWIFT_OPTIMIZATION_LEVEL = "-Onone";
			};
			name = Debug;
		};
		D6053EF11E70246200901DAF /* Release */ = {
			isa = XCBuildConfiguration;
			buildSettings = {
				ALWAYS_SEARCH_USER_PATHS = NO;
				CLANG_ANALYZER_NONNULL = YES;
				CLANG_CXX_LANGUAGE_STANDARD = "gnu++0x";
				CLANG_CXX_LIBRARY = "libc++";
				CLANG_ENABLE_MODULES = YES;
				CLANG_ENABLE_OBJC_ARC = YES;
				CLANG_WARN_BOOL_CONVERSION = YES;
				CLANG_WARN_CONSTANT_CONVERSION = YES;
				CLANG_WARN_DIRECT_OBJC_ISA_USAGE = YES_ERROR;
				CLANG_WARN_DOCUMENTATION_COMMENTS = YES;
				CLANG_WARN_EMPTY_BODY = YES;
				CLANG_WARN_ENUM_CONVERSION = YES;
				CLANG_WARN_INFINITE_RECURSION = YES;
				CLANG_WARN_INT_CONVERSION = YES;
				CLANG_WARN_OBJC_ROOT_CLASS = YES_ERROR;
				CLANG_WARN_SUSPICIOUS_MOVE = YES;
				CLANG_WARN_UNREACHABLE_CODE = YES;
				CLANG_WARN__DUPLICATE_METHOD_MATCH = YES;
				"CODE_SIGN_IDENTITY[sdk=iphoneos*]" = "iPhone Developer";
				COPY_PHASE_STRIP = NO;
				DEBUG_INFORMATION_FORMAT = "dwarf-with-dsym";
				ENABLE_NS_ASSERTIONS = NO;
				ENABLE_STRICT_OBJC_MSGSEND = YES;
				GCC_C_LANGUAGE_STANDARD = gnu99;
				GCC_NO_COMMON_BLOCKS = YES;
				GCC_WARN_64_TO_32_BIT_CONVERSION = YES;
				GCC_WARN_ABOUT_RETURN_TYPE = YES_ERROR;
				GCC_WARN_UNDECLARED_SELECTOR = YES;
				GCC_WARN_UNINITIALIZED_AUTOS = YES_AGGRESSIVE;
				GCC_WARN_UNUSED_FUNCTION = YES;
				GCC_WARN_UNUSED_VARIABLE = YES;
				IPHONEOS_DEPLOYMENT_TARGET = 10.2;
				MTL_ENABLE_DEBUG_INFO = NO;
				SDKROOT = iphoneos;
				SWIFT_OPTIMIZATION_LEVEL = "-Owholemodule";
				VALIDATE_PRODUCT = YES;
			};
			name = Release;
		};
		D6053EF31E70246200901DAF /* Debug */ = {
			isa = XCBuildConfiguration;
			buildSettings = {
				ASSETCATALOG_COMPILER_APPICON_NAME = AppIcon;
				INFOPLIST_FILE = TipCalc/Info.plist;
				LD_RUNPATH_SEARCH_PATHS = "$(inherited) @executable_path/Frameworks";
				PRODUCT_BUNDLE_IDENTIFIER = com.codepathios.TipCalc;
				PRODUCT_NAME = "$(TARGET_NAME)";
				SWIFT_VERSION = 3.0;
			};
			name = Debug;
		};
		D6053EF41E70246200901DAF /* Release */ = {
			isa = XCBuildConfiguration;
			buildSettings = {
				ASSETCATALOG_COMPILER_APPICON_NAME = AppIcon;
				INFOPLIST_FILE = TipCalc/Info.plist;
				LD_RUNPATH_SEARCH_PATHS = "$(inherited) @executable_path/Frameworks";
				PRODUCT_BUNDLE_IDENTIFIER = com.codepathios.TipCalc;
				PRODUCT_NAME = "$(TARGET_NAME)";
				SWIFT_VERSION = 3.0;
			};
			name = Release;
		};
		D6053EF61E70246200901DAF /* Debug */ = {
			isa = XCBuildConfiguration;
			buildSettings = {
				ALWAYS_EMBED_SWIFT_STANDARD_LIBRARIES = YES;
				BUNDLE_LOADER = "$(TEST_HOST)";
				INFOPLIST_FILE = TipCalcTests/Info.plist;
				LD_RUNPATH_SEARCH_PATHS = "$(inherited) @executable_path/Frameworks @loader_path/Frameworks";
				PRODUCT_BUNDLE_IDENTIFIER = com.codepathios.TipCalcTests;
				PRODUCT_NAME = "$(TARGET_NAME)";
				SWIFT_VERSION = 3.0;
				TEST_HOST = "$(BUILT_PRODUCTS_DIR)/TipCalc.app/TipCalc";
			};
			name = Debug;
		};
		D6053EF71E70246200901DAF /* Release */ = {
			isa = XCBuildConfiguration;
			buildSettings = {
				ALWAYS_EMBED_SWIFT_STANDARD_LIBRARIES = YES;
				BUNDLE_LOADER = "$(TEST_HOST)";
				INFOPLIST_FILE = TipCalcTests/Info.plist;
				LD_RUNPATH_SEARCH_PATHS = "$(inherited) @executable_path/Frameworks @loader_path/Frameworks";
				PRODUCT_BUNDLE_IDENTIFIER = com.codepathios.TipCalcTests;
				PRODUCT_NAME = "$(TARGET_NAME)";
				SWIFT_VERSION = 3.0;
				TEST_HOST = "$(BUILT_PRODUCTS_DIR)/TipCalc.app/TipCalc";
			};
			name = Release;
		};
		D6053EF91E70246200901DAF /* Debug */ = {
			isa = XCBuildConfiguration;
			buildSettings = {
				ALWAYS_EMBED_SWIFT_STANDARD_LIBRARIES = YES;
				INFOPLIST_FILE = TipCalcUITests/Info.plist;
				LD_RUNPATH_SEARCH_PATHS = "$(inherited) @executable_path/Frameworks @loader_path/Frameworks";
				PRODUCT_BUNDLE_IDENTIFIER = com.codepathios.TipCalcUITests;
				PRODUCT_NAME = "$(TARGET_NAME)";
				SWIFT_VERSION = 3.0;
				TEST_TARGET_NAME = TipCalc;
			};
			name = Debug;
		};
		D6053EFA1E70246200901DAF /* Release */ = {
			isa = XCBuildConfiguration;
			buildSettings = {
				ALWAYS_EMBED_SWIFT_STANDARD_LIBRARIES = YES;
				INFOPLIST_FILE = TipCalcUITests/Info.plist;
				LD_RUNPATH_SEARCH_PATHS = "$(inherited) @executable_path/Frameworks @loader_path/Frameworks";
				PRODUCT_BUNDLE_IDENTIFIER = com.codepathios.TipCalcUITests;
				PRODUCT_NAME = "$(TARGET_NAME)";
				SWIFT_VERSION = 3.0;
				TEST_TARGET_NAME = TipCalc;
			};
			name = Release;
		};
/* End XCBuildConfiguration section */

/* Begin XCConfigurationList section */
		D6053EC51E70246200901DAF /* Build configuration list for PBXProject "TipCalc" */ = {
			isa = XCConfigurationList;
			buildConfigurations = (
				D6053EF01E70246200901DAF /* Debug */,
				D6053EF11E70246200901DAF /* Release */,
			);
			defaultConfigurationIsVisible = 0;
			defaultConfigurationName = Release;
		};
		D6053EF21E70246200901DAF /* Build configuration list for PBXNativeTarget "TipCalc" */ = {
			isa = XCConfigurationList;
			buildConfigurations = (
				D6053EF31E70246200901DAF /* Debug */,
				D6053EF41E70246200901DAF /* Release */,
			);
			defaultConfigurationIsVisible = 0;
		};
		D6053EF51E70246200901DAF /* Build configuration list for PBXNativeTarget "TipCalcTests" */ = {
			isa = XCConfigurationList;
			buildConfigurations = (
				D6053EF61E70246200901DAF /* Debug */,
				D6053EF71E70246200901DAF /* Release */,
			);
			defaultConfigurationIsVisible = 0;
		};
		D6053EF81E70246200901DAF /* Build configuration list for PBXNativeTarget "TipCalcUITests" */ = {
			isa = XCConfigurationList;
			buildConfigurations = (
				D6053EF91E70246200901DAF /* Debug */,
				D6053EFA1E70246200901DAF /* Release */,
			);
			defaultConfigurationIsVisible = 0;
		};
/* End XCConfigurationList section */
	};
	rootObject = D6053EC21E70246200901DAF /* Project object */;
}
